
Microsoft Visual Studio Solution File, Format Version 12.00
# Visual Studio Version 17
VisualStudioVersion = 17.9.34723.18
MinimumVisualStudioVersion = 10.0.40219.1
Project("{E24C65DC-7377-472B-9ABA-BC803B73C61A}") = "Project (Online Program)", "http://localhost:60168", "{DC1154B8-FCF5-4CE5-B60B-BA35A06DC68C}"
	ProjectSection(WebsiteProperties) = preProject
		UseIISExpress = "true"
		TargetFrameworkMoniker = ".NETFramework,Version%3Dv4.8"
		Debug.AspNetCompiler.VirtualPath = "/localhost_60168"
		Debug.AspNetCompiler.PhysicalPath = "..\..\..\OneDrive\Documents\Documents\My Web Sites\Project (Online Program)\"
		Debug.AspNetCompiler.TargetPath = "PrecompiledWeb\localhost_60168\"
		Debug.AspNetCompiler.Updateable = "true"
		Debug.AspNetCompiler.ForceOverwrite = "true"
		Debug.AspNetCompiler.FixedNames = "false"
		Debug.AspNetCompiler.Debug = "True"
		Release.AspNetCompiler.VirtualPath = "/localhost_60168"
		Release.AspNetCompiler.PhysicalPath = "..\..\..\OneDrive\Documents\Documents\My Web Sites\Project (Online Program)\"
		Release.AspNetCompiler.TargetPath = "PrecompiledWeb\localhost_60168\"
		Release.AspNetCompiler.Updateable = "true"
		Release.AspNetCompiler.ForceOverwrite = "true"
		Release.AspNetCompiler.FixedNames = "false"
		Release.AspNetCompiler.Debug = "False"
		SlnRelativePath = "..\..\..\OneDrive\Documents\Documents\My Web Sites\Project (Online Program)\"
	EndProjectSection
EndProject
Global
	GlobalSection(SolutionConfigurationPlatforms) = preSolution
		Debug|Any CPU = Debug|Any CPU
	EndGlobalSection
	GlobalSection(ProjectConfigurationPlatforms) = postSolution
		{DC1154B8-FCF5-4CE5-B60B-BA35A06DC68C}.Debug|Any CPU.ActiveCfg = Debug|Any CPU
		{DC1154B8-FCF5-4CE5-B60B-BA35A06DC68C}.Debug|Any CPU.Build.0 = Debug|Any CPU
	EndGlobalSection
	GlobalSection(SolutionProperties) = preSolution
		HideSolutionNode = FALSE
	EndGlobalSection
	GlobalSection(ExtensibilityGlobals) = postSolution
		SolutionGuid = {B436989A-1120-431A-AD58-3AD93963EC1D}
	EndGlobalSection
EndGlobal
